// !$*UTF8*$!
{
	archiveVersion = 1;
	classes = {
	};
	objectVersion = 51;
	objects = {

/* Begin PBXBuildFile section */
		012EB85B24F3B67E0008F76C /* TaskTableViewCell.swift in Sources */ = {isa = PBXBuildFile; fileRef = 012EB85A24F3B67E0008F76C /* TaskTableViewCell.swift */; };
		0AD2DD0AACA17381CC51A9A0 /* Pods_CountDone.framework in Frameworks */ = {isa = PBXBuildFile; fileRef = 7245D736ACC07D02B468CF5E /* Pods_CountDone.framework */; };
		2CD0CD5CCC4E4CD46628075C /* Pods_CountDoneTests.framework in Frameworks */ = {isa = PBXBuildFile; fileRef = EED82485197B8AE665BEE842 /* Pods_CountDoneTests.framework */; };
		3D000F562531DC1100AF620D /* Services.swift in Sources */ = {isa = PBXBuildFile; fileRef = 3D000F522531DC1100AF620D /* Services.swift */; };
		3D000F572531DC1100AF620D /* EventManager.swift in Sources */ = {isa = PBXBuildFile; fileRef = 3D000F542531DC1100AF620D /* EventManager.swift */; };
		3D000F582531DC1100AF620D /* NetworkUtil.swift in Sources */ = {isa = PBXBuildFile; fileRef = 3D000F552531DC1100AF620D /* NetworkUtil.swift */; };
		3D500FAC2531F0440039B5E3 /* CreateTaskViewModel.swift in Sources */ = {isa = PBXBuildFile; fileRef = 3D500FAB2531F0440039B5E3 /* CreateTaskViewModel.swift */; };
		3D78DC8324F014C1000060FA /* Coordinator.swift in Sources */ = {isa = PBXBuildFile; fileRef = 3D78DC8224F014C1000060FA /* Coordinator.swift */; };
		3D78DC8524F0155A000060FA /* Storyboarded.swift in Sources */ = {isa = PBXBuildFile; fileRef = 3D78DC8424F0155A000060FA /* Storyboarded.swift */; };
		3D78DC8724F0170A000060FA /* AppCoordinator.swift in Sources */ = {isa = PBXBuildFile; fileRef = 3D78DC8624F0170A000060FA /* AppCoordinator.swift */; };
		3D78DC8C24F03B7C000060FA /* StartCoordinator.swift in Sources */ = {isa = PBXBuildFile; fileRef = 3D78DC8B24F03B7C000060FA /* StartCoordinator.swift */; };
		3D78DC8E24F03EA3000060FA /* LoginViewController.swift in Sources */ = {isa = PBXBuildFile; fileRef = 3D78DC8D24F03EA3000060FA /* LoginViewController.swift */; };
		3D78DC9024F03EE9000060FA /* TabBarCoordinator.swift in Sources */ = {isa = PBXBuildFile; fileRef = 3D78DC8F24F03EE9000060FA /* TabBarCoordinator.swift */; };
		3D78DC9224F03F7B000060FA /* TabBarController.swift in Sources */ = {isa = PBXBuildFile; fileRef = 3D78DC9124F03F7B000060FA /* TabBarController.swift */; };
		3D78DC9424F042D7000060FA /* EventsCoordinator.swift in Sources */ = {isa = PBXBuildFile; fileRef = 3D78DC9324F042D7000060FA /* EventsCoordinator.swift */; };
		3DA2998A24F06DCA00F24FF7 /* Assets.xcassets in Resources */ = {isa = PBXBuildFile; fileRef = 3DA2998924F06DCA00F24FF7 /* Assets.xcassets */; };
		3DA2998C24F0D72A00F24FF7 /* SearchViewController.swift in Sources */ = {isa = PBXBuildFile; fileRef = 3DA2998B24F0D72A00F24FF7 /* SearchViewController.swift */; };
		3DA2998E24F0D77300F24FF7 /* SearchCoordinator.swift in Sources */ = {isa = PBXBuildFile; fileRef = 3DA2998D24F0D77300F24FF7 /* SearchCoordinator.swift */; };
		3DA2999024F1703200F24FF7 /* CalenderCoordinator.swift in Sources */ = {isa = PBXBuildFile; fileRef = 3DA2998F24F1703200F24FF7 /* CalenderCoordinator.swift */; };
		3DA2999224F1718400F24FF7 /* CalenderViewController.swift in Sources */ = {isa = PBXBuildFile; fileRef = 3DA2999124F1718400F24FF7 /* CalenderViewController.swift */; };
		3DEA45512525D46100F949EB /* UserAccount+CoreDataClass.swift in Sources */ = {isa = PBXBuildFile; fileRef = 3DEA454F2525D46100F949EB /* UserAccount+CoreDataClass.swift */; };
		3DEA45522525D46100F949EB /* UserAccount+CoreDataProperties.swift in Sources */ = {isa = PBXBuildFile; fileRef = 3DEA45502525D46100F949EB /* UserAccount+CoreDataProperties.swift */; };
		5BF07418164A6D70A75B36CC /* Pods_CountDone_CountDoneUITests.framework in Frameworks */ = {isa = PBXBuildFile; fileRef = E1F2BE8F8D83E9BD1EF85FA7 /* Pods_CountDone_CountDoneUITests.framework */; };
		A033049F252778F300ED53A8 /* TaskViewModel.swift in Sources */ = {isa = PBXBuildFile; fileRef = A033049E252778F300ED53A8 /* TaskViewModel.swift */; };
		A04FE8B5250B871C00A5836F /* CoreDataStack.swift in Sources */ = {isa = PBXBuildFile; fileRef = A04FE8B4250B871C00A5836F /* CoreDataStack.swift */; };
		A04FE8C2250B8B4300A5836F /* Time+CoreDataClass.swift in Sources */ = {isa = PBXBuildFile; fileRef = A04FE8BE250B8B4300A5836F /* Time+CoreDataClass.swift */; };
		A04FE8C3250B8B4300A5836F /* Time+CoreDataProperties.swift in Sources */ = {isa = PBXBuildFile; fileRef = A04FE8BF250B8B4300A5836F /* Time+CoreDataProperties.swift */; };
		A04FE8C4250B8B4300A5836F /* Task+CoreDataClass.swift in Sources */ = {isa = PBXBuildFile; fileRef = A04FE8C0250B8B4300A5836F /* Task+CoreDataClass.swift */; };
		A04FE8C5250B8B4300A5836F /* Task+CoreDataProperties.swift in Sources */ = {isa = PBXBuildFile; fileRef = A04FE8C1250B8B4300A5836F /* Task+CoreDataProperties.swift */; };
		A07A0D6124FFEA5000B118A4 /* DetailsTableViewController.swift in Sources */ = {isa = PBXBuildFile; fileRef = A07A0D6024FFEA5000B118A4 /* DetailsTableViewController.swift */; };
		A094507F250133CF00CD77E0 /* CreateTaskTableViewController.swift in Sources */ = {isa = PBXBuildFile; fileRef = A094507E250133CF00CD77E0 /* CreateTaskTableViewController.swift */; };
		A09786EC24DC16C2002AB009 /* AppDelegate.swift in Sources */ = {isa = PBXBuildFile; fileRef = A09786EB24DC16C2002AB009 /* AppDelegate.swift */; };
		A09786EE24DC16C2002AB009 /* EventViewController.swift in Sources */ = {isa = PBXBuildFile; fileRef = A09786ED24DC16C2002AB009 /* EventViewController.swift */; };
		A09786F124DC16C2002AB009 /* Main.storyboard in Resources */ = {isa = PBXBuildFile; fileRef = A09786EF24DC16C2002AB009 /* Main.storyboard */; };
		A09786F424DC16C2002AB009 /* CountDone.xcdatamodeld in Sources */ = {isa = PBXBuildFile; fileRef = A09786F224DC16C2002AB009 /* CountDone.xcdatamodeld */; };
		A097870424DC16C4002AB009 /* CountDoneTests.swift in Sources */ = {isa = PBXBuildFile; fileRef = A097870324DC16C4002AB009 /* CountDoneTests.swift */; };
		A097870F24DC16C4002AB009 /* CountDoneUITests.swift in Sources */ = {isa = PBXBuildFile; fileRef = A097870E24DC16C4002AB009 /* CountDoneUITests.swift */; };
		A0D0C4C9253093E000CDB67A /* TagViewController.swift in Sources */ = {isa = PBXBuildFile; fileRef = A0D0C4C8253093E000CDB67A /* TagViewController.swift */; };
		A0D0C4CB25314CAA00CDB67A /* TagViewCell.swift in Sources */ = {isa = PBXBuildFile; fileRef = A0D0C4CA25314CAA00CDB67A /* TagViewCell.swift */; };
		A0D0C4CD25316D2700CDB67A /* TagViewModel.swift in Sources */ = {isa = PBXBuildFile; fileRef = A0D0C4CC25316D2700CDB67A /* TagViewModel.swift */; };
		A0D0C4CF25317DE700CDB67A /* LoginViewModel.swift in Sources */ = {isa = PBXBuildFile; fileRef = A0D0C4CE25317DE700CDB67A /* LoginViewModel.swift */; };
		A0D0C4D12531A62000CDB67A /* Tag.swift in Sources */ = {isa = PBXBuildFile; fileRef = A0D0C4D02531A61F00CDB67A /* Tag.swift */; };
/* End PBXBuildFile section */

/* Begin PBXContainerItemProxy section */
		A097870024DC16C4002AB009 /* PBXContainerItemProxy */ = {
			isa = PBXContainerItemProxy;
			containerPortal = A09786E024DC16C2002AB009 /* Project object */;
			proxyType = 1;
			remoteGlobalIDString = A09786E724DC16C2002AB009;
			remoteInfo = CountDone;
		};
		A097870B24DC16C4002AB009 /* PBXContainerItemProxy */ = {
			isa = PBXContainerItemProxy;
			containerPortal = A09786E024DC16C2002AB009 /* Project object */;
			proxyType = 1;
			remoteGlobalIDString = A09786E724DC16C2002AB009;
			remoteInfo = CountDone;
		};
/* End PBXContainerItemProxy section */

/* Begin PBXFileReference section */
		012EB85A24F3B67E0008F76C /* TaskTableViewCell.swift */ = {isa = PBXFileReference; lastKnownFileType = sourcecode.swift; path = TaskTableViewCell.swift; sourceTree = "<group>"; };
		1EABB099C97EA70050430964 /* Pods-CountDone-CountDoneUITests.debug.xcconfig */ = {isa = PBXFileReference; includeInIndex = 1; lastKnownFileType = text.xcconfig; name = "Pods-CountDone-CountDoneUITests.debug.xcconfig"; path = "Target Support Files/Pods-CountDone-CountDoneUITests/Pods-CountDone-CountDoneUITests.debug.xcconfig"; sourceTree = "<group>"; };
		34C4738AF250F64543053FFC /* Pods-CountDone.debug.xcconfig */ = {isa = PBXFileReference; includeInIndex = 1; lastKnownFileType = text.xcconfig; name = "Pods-CountDone.debug.xcconfig"; path = "Target Support Files/Pods-CountDone/Pods-CountDone.debug.xcconfig"; sourceTree = "<group>"; };
		3D000F522531DC1100AF620D /* Services.swift */ = {isa = PBXFileReference; fileEncoding = 4; lastKnownFileType = sourcecode.swift; path = Services.swift; sourceTree = "<group>"; };
		3D000F542531DC1100AF620D /* EventManager.swift */ = {isa = PBXFileReference; fileEncoding = 4; lastKnownFileType = sourcecode.swift; path = EventManager.swift; sourceTree = "<group>"; };
		3D000F552531DC1100AF620D /* NetworkUtil.swift */ = {isa = PBXFileReference; fileEncoding = 4; lastKnownFileType = sourcecode.swift; path = NetworkUtil.swift; sourceTree = "<group>"; };
		3D500FAB2531F0440039B5E3 /* CreateTaskViewModel.swift */ = {isa = PBXFileReference; lastKnownFileType = sourcecode.swift; path = CreateTaskViewModel.swift; sourceTree = "<group>"; };
		3D78DC8224F014C1000060FA /* Coordinator.swift */ = {isa = PBXFileReference; lastKnownFileType = sourcecode.swift; path = Coordinator.swift; sourceTree = "<group>"; };
		3D78DC8424F0155A000060FA /* Storyboarded.swift */ = {isa = PBXFileReference; lastKnownFileType = sourcecode.swift; path = Storyboarded.swift; sourceTree = "<group>"; };
		3D78DC8624F0170A000060FA /* AppCoordinator.swift */ = {isa = PBXFileReference; lastKnownFileType = sourcecode.swift; path = AppCoordinator.swift; sourceTree = "<group>"; };
		3D78DC8B24F03B7C000060FA /* StartCoordinator.swift */ = {isa = PBXFileReference; lastKnownFileType = sourcecode.swift; path = StartCoordinator.swift; sourceTree = "<group>"; };
		3D78DC8D24F03EA3000060FA /* LoginViewController.swift */ = {isa = PBXFileReference; lastKnownFileType = sourcecode.swift; path = LoginViewController.swift; sourceTree = "<group>"; };
		3D78DC8F24F03EE9000060FA /* TabBarCoordinator.swift */ = {isa = PBXFileReference; lastKnownFileType = sourcecode.swift; path = TabBarCoordinator.swift; sourceTree = "<group>"; };
		3D78DC9124F03F7B000060FA /* TabBarController.swift */ = {isa = PBXFileReference; lastKnownFileType = sourcecode.swift; path = TabBarController.swift; sourceTree = "<group>"; };
		3D78DC9324F042D7000060FA /* EventsCoordinator.swift */ = {isa = PBXFileReference; lastKnownFileType = sourcecode.swift; path = EventsCoordinator.swift; sourceTree = "<group>"; };
		3DA2998924F06DCA00F24FF7 /* Assets.xcassets */ = {isa = PBXFileReference; lastKnownFileType = folder.assetcatalog; name = Assets.xcassets; path = CountDone/Assets.xcassets; sourceTree = SOURCE_ROOT; };
		3DA2998B24F0D72A00F24FF7 /* SearchViewController.swift */ = {isa = PBXFileReference; lastKnownFileType = sourcecode.swift; path = SearchViewController.swift; sourceTree = "<group>"; };
		3DA2998D24F0D77300F24FF7 /* SearchCoordinator.swift */ = {isa = PBXFileReference; lastKnownFileType = sourcecode.swift; path = SearchCoordinator.swift; sourceTree = "<group>"; };
		3DA2998F24F1703200F24FF7 /* CalenderCoordinator.swift */ = {isa = PBXFileReference; lastKnownFileType = sourcecode.swift; path = CalenderCoordinator.swift; sourceTree = "<group>"; };
		3DA2999124F1718400F24FF7 /* CalenderViewController.swift */ = {isa = PBXFileReference; lastKnownFileType = sourcecode.swift; path = CalenderViewController.swift; sourceTree = "<group>"; };
		3DEA454F2525D46100F949EB /* UserAccount+CoreDataClass.swift */ = {isa = PBXFileReference; lastKnownFileType = sourcecode.swift; path = "UserAccount+CoreDataClass.swift"; sourceTree = "<group>"; };
		3DEA45502525D46100F949EB /* UserAccount+CoreDataProperties.swift */ = {isa = PBXFileReference; lastKnownFileType = sourcecode.swift; path = "UserAccount+CoreDataProperties.swift"; sourceTree = "<group>"; };
		564AF1387303A8452450ABBB /* Pods-CountDoneTests.release.xcconfig */ = {isa = PBXFileReference; includeInIndex = 1; lastKnownFileType = text.xcconfig; name = "Pods-CountDoneTests.release.xcconfig"; path = "Target Support Files/Pods-CountDoneTests/Pods-CountDoneTests.release.xcconfig"; sourceTree = "<group>"; };
		7245D736ACC07D02B468CF5E /* Pods_CountDone.framework */ = {isa = PBXFileReference; explicitFileType = wrapper.framework; includeInIndex = 0; path = Pods_CountDone.framework; sourceTree = BUILT_PRODUCTS_DIR; };
		A033049E252778F300ED53A8 /* TaskViewModel.swift */ = {isa = PBXFileReference; lastKnownFileType = sourcecode.swift; path = TaskViewModel.swift; sourceTree = "<group>"; };
		A04FE8B4250B871C00A5836F /* CoreDataStack.swift */ = {isa = PBXFileReference; lastKnownFileType = sourcecode.swift; name = CoreDataStack.swift; path = CountDone/CoreDataStack.swift; sourceTree = SOURCE_ROOT; };
		A04FE8BE250B8B4300A5836F /* Time+CoreDataClass.swift */ = {isa = PBXFileReference; lastKnownFileType = sourcecode.swift; name = "Time+CoreDataClass.swift"; path = "CountDone/Model/Time+CoreDataClass.swift"; sourceTree = SOURCE_ROOT; };
		A04FE8BF250B8B4300A5836F /* Time+CoreDataProperties.swift */ = {isa = PBXFileReference; lastKnownFileType = sourcecode.swift; name = "Time+CoreDataProperties.swift"; path = "CountDone/Model/Time+CoreDataProperties.swift"; sourceTree = SOURCE_ROOT; };
		A04FE8C0250B8B4300A5836F /* Task+CoreDataClass.swift */ = {isa = PBXFileReference; lastKnownFileType = sourcecode.swift; name = "Task+CoreDataClass.swift"; path = "CountDone/Model/Task+CoreDataClass.swift"; sourceTree = SOURCE_ROOT; };
		A04FE8C1250B8B4300A5836F /* Task+CoreDataProperties.swift */ = {isa = PBXFileReference; lastKnownFileType = sourcecode.swift; name = "Task+CoreDataProperties.swift"; path = "CountDone/Model/Task+CoreDataProperties.swift"; sourceTree = SOURCE_ROOT; };
		A07A0D6024FFEA5000B118A4 /* DetailsTableViewController.swift */ = {isa = PBXFileReference; lastKnownFileType = sourcecode.swift; path = DetailsTableViewController.swift; sourceTree = "<group>"; };
		A094507E250133CF00CD77E0 /* CreateTaskTableViewController.swift */ = {isa = PBXFileReference; lastKnownFileType = sourcecode.swift; path = CreateTaskTableViewController.swift; sourceTree = "<group>"; };
		A09786E824DC16C2002AB009 /* CountDone.app */ = {isa = PBXFileReference; explicitFileType = wrapper.application; includeInIndex = 0; path = CountDone.app; sourceTree = BUILT_PRODUCTS_DIR; };
		A09786EB24DC16C2002AB009 /* AppDelegate.swift */ = {isa = PBXFileReference; lastKnownFileType = sourcecode.swift; path = AppDelegate.swift; sourceTree = "<group>"; };
		A09786ED24DC16C2002AB009 /* EventViewController.swift */ = {isa = PBXFileReference; lastKnownFileType = sourcecode.swift; path = EventViewController.swift; sourceTree = "<group>"; };
		A09786F024DC16C2002AB009 /* Base */ = {isa = PBXFileReference; lastKnownFileType = file.storyboard; name = Base; path = Base.lproj/Main.storyboard; sourceTree = "<group>"; };
		A09786F324DC16C2002AB009 /* CountDone.xcdatamodel */ = {isa = PBXFileReference; lastKnownFileType = wrapper.xcdatamodel; path = CountDone.xcdatamodel; sourceTree = "<group>"; };
		A09786FA24DC16C4002AB009 /* Info.plist */ = {isa = PBXFileReference; lastKnownFileType = text.plist.xml; path = Info.plist; sourceTree = "<group>"; };
		A09786FF24DC16C4002AB009 /* CountDoneTests.xctest */ = {isa = PBXFileReference; explicitFileType = wrapper.cfbundle; includeInIndex = 0; path = CountDoneTests.xctest; sourceTree = BUILT_PRODUCTS_DIR; };
		A097870324DC16C4002AB009 /* CountDoneTests.swift */ = {isa = PBXFileReference; lastKnownFileType = sourcecode.swift; path = CountDoneTests.swift; sourceTree = "<group>"; };
		A097870524DC16C4002AB009 /* Info.plist */ = {isa = PBXFileReference; lastKnownFileType = text.plist.xml; path = Info.plist; sourceTree = "<group>"; };
		A097870A24DC16C4002AB009 /* CountDoneUITests.xctest */ = {isa = PBXFileReference; explicitFileType = wrapper.cfbundle; includeInIndex = 0; path = CountDoneUITests.xctest; sourceTree = BUILT_PRODUCTS_DIR; };
		A097870E24DC16C4002AB009 /* CountDoneUITests.swift */ = {isa = PBXFileReference; lastKnownFileType = sourcecode.swift; path = CountDoneUITests.swift; sourceTree = "<group>"; };
		A097871024DC16C4002AB009 /* Info.plist */ = {isa = PBXFileReference; lastKnownFileType = text.plist.xml; path = Info.plist; sourceTree = "<group>"; };
		A0D0C4BC253059E500CDB67A /* CountDoneUITests1.swift */ = {isa = PBXFileReference; lastKnownFileType = sourcecode.swift; path = CountDoneUITests1.swift; sourceTree = "<group>"; };
		A0D0C4BE253059E500CDB67A /* Info.plist */ = {isa = PBXFileReference; lastKnownFileType = text.plist.xml; path = Info.plist; sourceTree = "<group>"; };
		A0D0C4C8253093E000CDB67A /* TagViewController.swift */ = {isa = PBXFileReference; lastKnownFileType = sourcecode.swift; path = TagViewController.swift; sourceTree = "<group>"; };
		A0D0C4CA25314CAA00CDB67A /* TagViewCell.swift */ = {isa = PBXFileReference; lastKnownFileType = sourcecode.swift; path = TagViewCell.swift; sourceTree = "<group>"; };
		A0D0C4CC25316D2700CDB67A /* TagViewModel.swift */ = {isa = PBXFileReference; lastKnownFileType = sourcecode.swift; path = TagViewModel.swift; sourceTree = "<group>"; };
		A0D0C4CE25317DE700CDB67A /* LoginViewModel.swift */ = {isa = PBXFileReference; lastKnownFileType = sourcecode.swift; path = LoginViewModel.swift; sourceTree = "<group>"; };
		A0D0C4D02531A61F00CDB67A /* Tag.swift */ = {isa = PBXFileReference; lastKnownFileType = sourcecode.swift; path = Tag.swift; sourceTree = "<group>"; };
		A9FF17D8073316FFB7DB5A4B /* Pods-CountDone.release.xcconfig */ = {isa = PBXFileReference; includeInIndex = 1; lastKnownFileType = text.xcconfig; name = "Pods-CountDone.release.xcconfig"; path = "Target Support Files/Pods-CountDone/Pods-CountDone.release.xcconfig"; sourceTree = "<group>"; };
		B347B854577C06A6BE82972A /* Pods-CountDoneTests.debug.xcconfig */ = {isa = PBXFileReference; includeInIndex = 1; lastKnownFileType = text.xcconfig; name = "Pods-CountDoneTests.debug.xcconfig"; path = "Target Support Files/Pods-CountDoneTests/Pods-CountDoneTests.debug.xcconfig"; sourceTree = "<group>"; };
		CC1972635DC595E9F4B1D819 /* Pods-CountDone-CountDoneUITests.release.xcconfig */ = {isa = PBXFileReference; includeInIndex = 1; lastKnownFileType = text.xcconfig; name = "Pods-CountDone-CountDoneUITests.release.xcconfig"; path = "Target Support Files/Pods-CountDone-CountDoneUITests/Pods-CountDone-CountDoneUITests.release.xcconfig"; sourceTree = "<group>"; };
		E1F2BE8F8D83E9BD1EF85FA7 /* Pods_CountDone_CountDoneUITests.framework */ = {isa = PBXFileReference; explicitFileType = wrapper.framework; includeInIndex = 0; path = Pods_CountDone_CountDoneUITests.framework; sourceTree = BUILT_PRODUCTS_DIR; };
		EED82485197B8AE665BEE842 /* Pods_CountDoneTests.framework */ = {isa = PBXFileReference; explicitFileType = wrapper.framework; includeInIndex = 0; path = Pods_CountDoneTests.framework; sourceTree = BUILT_PRODUCTS_DIR; };
/* End PBXFileReference section */

/* Begin PBXFrameworksBuildPhase section */
		A09786E524DC16C2002AB009 /* Frameworks */ = {
			isa = PBXFrameworksBuildPhase;
			buildActionMask = 2147483647;
			files = (
				0AD2DD0AACA17381CC51A9A0 /* Pods_CountDone.framework in Frameworks */,
			);
			runOnlyForDeploymentPostprocessing = 0;
		};
		A09786FC24DC16C4002AB009 /* Frameworks */ = {
			isa = PBXFrameworksBuildPhase;
			buildActionMask = 2147483647;
			files = (
				2CD0CD5CCC4E4CD46628075C /* Pods_CountDoneTests.framework in Frameworks */,
			);
			runOnlyForDeploymentPostprocessing = 0;
		};
		A097870724DC16C4002AB009 /* Frameworks */ = {
			isa = PBXFrameworksBuildPhase;
			buildActionMask = 2147483647;
			files = (
				5BF07418164A6D70A75B36CC /* Pods_CountDone_CountDoneUITests.framework in Frameworks */,
			);
			runOnlyForDeploymentPostprocessing = 0;
		};
/* End PBXFrameworksBuildPhase section */

/* Begin PBXGroup section */
		393274C48A6230CF42D1CEDF /* Frameworks */ = {
			isa = PBXGroup;
			children = (
				7245D736ACC07D02B468CF5E /* Pods_CountDone.framework */,
				E1F2BE8F8D83E9BD1EF85FA7 /* Pods_CountDone_CountDoneUITests.framework */,
				EED82485197B8AE665BEE842 /* Pods_CountDoneTests.framework */,
			);
			name = Frameworks;
			sourceTree = "<group>";
		};
		3D000F512531DC1100AF620D /* NetworkLayer */ = {
			isa = PBXGroup;
			children = (
				3D000F522531DC1100AF620D /* Services.swift */,
				3D000F532531DC1100AF620D /* managers */,
				3D000F552531DC1100AF620D /* NetworkUtil.swift */,
			);
			path = NetworkLayer;
			sourceTree = "<group>";
		};
		3D000F532531DC1100AF620D /* managers */ = {
			isa = PBXGroup;
			children = (
				3D000F542531DC1100AF620D /* EventManager.swift */,
			);
			path = managers;
			sourceTree = "<group>";
		};
		3D78DC8A24F03B4D000060FA /* Coordinators */ = {
			isa = PBXGroup;
			children = (
				3D78DC8624F0170A000060FA /* AppCoordinator.swift */,
				3D78DC8224F014C1000060FA /* Coordinator.swift */,
				3D78DC8B24F03B7C000060FA /* StartCoordinator.swift */,
				3D78DC8F24F03EE9000060FA /* TabBarCoordinator.swift */,
				3D78DC9324F042D7000060FA /* EventsCoordinator.swift */,
				3DA2998D24F0D77300F24FF7 /* SearchCoordinator.swift */,
				3DA2998F24F1703200F24FF7 /* CalenderCoordinator.swift */,
			);
			path = Coordinators;
			sourceTree = "<group>";
		};
		A033049D252778C400ED53A8 /* ViewModel */ = {
			isa = PBXGroup;
			children = (
				A033049E252778F300ED53A8 /* TaskViewModel.swift */,
				A0D0C4CC25316D2700CDB67A /* TagViewModel.swift */,
				A0D0C4CE25317DE700CDB67A /* LoginViewModel.swift */,
				3D500FAB2531F0440039B5E3 /* CreateTaskViewModel.swift */,
			);
			path = ViewModel;
			sourceTree = "<group>";
		};
		A04FE89D250B7DD300A5836F /* CoreDate */ = {
			isa = PBXGroup;
			children = (
				3DEA45502525D46100F949EB /* UserAccount+CoreDataProperties.swift */,
				3DEA454F2525D46100F949EB /* UserAccount+CoreDataClass.swift */,
				A04FE8BE250B8B4300A5836F /* Time+CoreDataClass.swift */,
				A04FE8BF250B8B4300A5836F /* Time+CoreDataProperties.swift */,
				A04FE8C0250B8B4300A5836F /* Task+CoreDataClass.swift */,
				A04FE8C1250B8B4300A5836F /* Task+CoreDataProperties.swift */,
				A04FE8B4250B871C00A5836F /* CoreDataStack.swift */,
			);
			path = CoreDate;
			sourceTree = "<group>";
		};
		A09786DF24DC16C2002AB009 = {
			isa = PBXGroup;
			children = (
				A09786EA24DC16C2002AB009 /* CountDone */,
				A097870224DC16C4002AB009 /* CountDoneTests */,
				A097870D24DC16C4002AB009 /* CountDoneUITests */,
				A0D0C4BB253059E500CDB67A /* CountDoneUITests1 */,
				A09786E924DC16C2002AB009 /* Products */,
				FD2CACBEBA872974C3317F33 /* Pods */,
				393274C48A6230CF42D1CEDF /* Frameworks */,
			);
			sourceTree = "<group>";
		};
		A09786E924DC16C2002AB009 /* Products */ = {
			isa = PBXGroup;
			children = (
				A09786E824DC16C2002AB009 /* CountDone.app */,
				A09786FF24DC16C4002AB009 /* CountDoneTests.xctest */,
				A097870A24DC16C4002AB009 /* CountDoneUITests.xctest */,
			);
			name = Products;
			sourceTree = "<group>";
		};
		A09786EA24DC16C2002AB009 /* CountDone */ = {
			isa = PBXGroup;
			children = (
				3D000F512531DC1100AF620D /* NetworkLayer */,
				A033049D252778C400ED53A8 /* ViewModel */,
				3DA2998924F06DCA00F24FF7 /* Assets.xcassets */,
				3D78DC8A24F03B4D000060FA /* Coordinators */,
				A097871E24DC16E5002AB009 /* Controller */,
				A097871D24DC16DF002AB009 /* View */,
				A097871C24DC16CB002AB009 /* Model */,
				A09786EB24DC16C2002AB009 /* AppDelegate.swift */,
				3D78DC8424F0155A000060FA /* Storyboarded.swift */,
				A09786FA24DC16C4002AB009 /* Info.plist */,
				A09786F224DC16C2002AB009 /* CountDone.xcdatamodeld */,
			);
			path = CountDone;
			sourceTree = "<group>";
		};
		A097870224DC16C4002AB009 /* CountDoneTests */ = {
			isa = PBXGroup;
			children = (
				A097870324DC16C4002AB009 /* CountDoneTests.swift */,
				A097870524DC16C4002AB009 /* Info.plist */,
			);
			path = CountDoneTests;
			sourceTree = "<group>";
		};
		A097870D24DC16C4002AB009 /* CountDoneUITests */ = {
			isa = PBXGroup;
			children = (
				A097870E24DC16C4002AB009 /* CountDoneUITests.swift */,
				A097871024DC16C4002AB009 /* Info.plist */,
			);
			path = CountDoneUITests;
			sourceTree = "<group>";
		};
		A097871C24DC16CB002AB009 /* Model */ = {
			isa = PBXGroup;
			children = (
				A04FE89D250B7DD300A5836F /* CoreDate */,
				A0D0C4D02531A61F00CDB67A /* Tag.swift */,
			);
			path = Model;
			sourceTree = "<group>";
		};
		A097871D24DC16DF002AB009 /* View */ = {
			isa = PBXGroup;
			children = (
				A09786EF24DC16C2002AB009 /* Main.storyboard */,
			);
			path = View;
			sourceTree = "<group>";
		};
		A097871E24DC16E5002AB009 /* Controller */ = {
			isa = PBXGroup;
			children = (
				A09786ED24DC16C2002AB009 /* EventViewController.swift */,
				3DA2998B24F0D72A00F24FF7 /* SearchViewController.swift */,
				3D78DC8D24F03EA3000060FA /* LoginViewController.swift */,
				3D78DC9124F03F7B000060FA /* TabBarController.swift */,
				3DA2999124F1718400F24FF7 /* CalenderViewController.swift */,
				012EB85A24F3B67E0008F76C /* TaskTableViewCell.swift */,
				A07A0D6024FFEA5000B118A4 /* DetailsTableViewController.swift */,
				A094507E250133CF00CD77E0 /* CreateTaskTableViewController.swift */,
				A0D0C4C8253093E000CDB67A /* TagViewController.swift */,
				A0D0C4CA25314CAA00CDB67A /* TagViewCell.swift */,
			);
			path = Controller;
			sourceTree = "<group>";
		};
		A0D0C4BB253059E500CDB67A /* CountDoneUITests1 */ = {
			isa = PBXGroup;
			children = (
				A0D0C4BC253059E500CDB67A /* CountDoneUITests1.swift */,
				A0D0C4BE253059E500CDB67A /* Info.plist */,
			);
			path = CountDoneUITests1;
			sourceTree = "<group>";
		};
		FD2CACBEBA872974C3317F33 /* Pods */ = {
			isa = PBXGroup;
			children = (
				34C4738AF250F64543053FFC /* Pods-CountDone.debug.xcconfig */,
				A9FF17D8073316FFB7DB5A4B /* Pods-CountDone.release.xcconfig */,
				1EABB099C97EA70050430964 /* Pods-CountDone-CountDoneUITests.debug.xcconfig */,
				CC1972635DC595E9F4B1D819 /* Pods-CountDone-CountDoneUITests.release.xcconfig */,
				B347B854577C06A6BE82972A /* Pods-CountDoneTests.debug.xcconfig */,
				564AF1387303A8452450ABBB /* Pods-CountDoneTests.release.xcconfig */,
			);
			path = Pods;
			sourceTree = "<group>";
		};
/* End PBXGroup section */

/* Begin PBXNativeTarget section */
		A09786E724DC16C2002AB009 /* CountDone */ = {
			isa = PBXNativeTarget;
			buildConfigurationList = A097871324DC16C4002AB009 /* Build configuration list for PBXNativeTarget "CountDone" */;
			buildPhases = (
				C1081B7DE446CF1CE2ED5AB3 /* [CP] Check Pods Manifest.lock */,
				A09786E424DC16C2002AB009 /* Sources */,
				A09786E524DC16C2002AB009 /* Frameworks */,
				A09786E624DC16C2002AB009 /* Resources */,
				3F198E031D7EA996D153939E /* [CP] Embed Pods Frameworks */,
			);
			buildRules = (
			);
			dependencies = (
			);
			name = CountDone;
			productName = CountDone;
			productReference = A09786E824DC16C2002AB009 /* CountDone.app */;
			productType = "com.apple.product-type.application";
		};
		A09786FE24DC16C4002AB009 /* CountDoneTests */ = {
			isa = PBXNativeTarget;
			buildConfigurationList = A097871624DC16C4002AB009 /* Build configuration list for PBXNativeTarget "CountDoneTests" */;
			buildPhases = (
				00A57E6AEE422E8FCFF63D38 /* [CP] Check Pods Manifest.lock */,
				A09786FB24DC16C4002AB009 /* Sources */,
				A09786FC24DC16C4002AB009 /* Frameworks */,
				A09786FD24DC16C4002AB009 /* Resources */,
			);
			buildRules = (
			);
			dependencies = (
				A097870124DC16C4002AB009 /* PBXTargetDependency */,
			);
			name = CountDoneTests;
			productName = CountDoneTests;
			productReference = A09786FF24DC16C4002AB009 /* CountDoneTests.xctest */;
			productType = "com.apple.product-type.bundle.unit-test";
		};
		A097870924DC16C4002AB009 /* CountDoneUITests */ = {
			isa = PBXNativeTarget;
			buildConfigurationList = A097871924DC16C4002AB009 /* Build configuration list for PBXNativeTarget "CountDoneUITests" */;
			buildPhases = (
				7181CF3EBF497178215AE24F /* [CP] Check Pods Manifest.lock */,
				A097870624DC16C4002AB009 /* Sources */,
				A097870724DC16C4002AB009 /* Frameworks */,
				A097870824DC16C4002AB009 /* Resources */,
				9B96DD6FDB4014C940823090 /* [CP] Embed Pods Frameworks */,
			);
			buildRules = (
			);
			dependencies = (
				A097870C24DC16C4002AB009 /* PBXTargetDependency */,
			);
			name = CountDoneUITests;
			productName = CountDoneUITests;
			productReference = A097870A24DC16C4002AB009 /* CountDoneUITests.xctest */;
			productType = "com.apple.product-type.bundle.ui-testing";
		};
/* End PBXNativeTarget section */

/* Begin PBXProject section */
		A09786E024DC16C2002AB009 /* Project object */ = {
			isa = PBXProject;
			attributes = {
				LastSwiftUpdateCheck = 1030;
				LastUpgradeCheck = 1030;
				ORGANIZATIONNAME = G33;
				TargetAttributes = {
					A09786E724DC16C2002AB009 = {
						CreatedOnToolsVersion = 10.3;
						LastSwiftMigration = 1030;
					};
					A09786FE24DC16C4002AB009 = {
						CreatedOnToolsVersion = 10.3;
						TestTargetID = A09786E724DC16C2002AB009;
					};
					A097870924DC16C4002AB009 = {
						CreatedOnToolsVersion = 10.3;
						TestTargetID = A09786E724DC16C2002AB009;
					};
				};
			};
			buildConfigurationList = A09786E324DC16C2002AB009 /* Build configuration list for PBXProject "CountDone" */;
			compatibilityVersion = "Xcode 9.3";
			developmentRegion = en;
			hasScannedForEncodings = 0;
			knownRegions = (
				en,
				Base,
			);
			mainGroup = A09786DF24DC16C2002AB009;
			productRefGroup = A09786E924DC16C2002AB009 /* Products */;
			projectDirPath = "";
			projectRoot = "";
			targets = (
				A09786E724DC16C2002AB009 /* CountDone */,
				A09786FE24DC16C4002AB009 /* CountDoneTests */,
				A097870924DC16C4002AB009 /* CountDoneUITests */,
			);
		};
/* End PBXProject section */

/* Begin PBXResourcesBuildPhase section */
		A09786E624DC16C2002AB009 /* Resources */ = {
			isa = PBXResourcesBuildPhase;
			buildActionMask = 2147483647;
			files = (
				3DA2998A24F06DCA00F24FF7 /* Assets.xcassets in Resources */,
				A09786F124DC16C2002AB009 /* Main.storyboard in Resources */,
			);
			runOnlyForDeploymentPostprocessing = 0;
		};
		A09786FD24DC16C4002AB009 /* Resources */ = {
			isa = PBXResourcesBuildPhase;
			buildActionMask = 2147483647;
			files = (
			);
			runOnlyForDeploymentPostprocessing = 0;
		};
		A097870824DC16C4002AB009 /* Resources */ = {
			isa = PBXResourcesBuildPhase;
			buildActionMask = 2147483647;
			files = (
			);
			runOnlyForDeploymentPostprocessing = 0;
		};
/* End PBXResourcesBuildPhase section */

/* Begin PBXShellScriptBuildPhase section */
		00A57E6AEE422E8FCFF63D38 /* [CP] Check Pods Manifest.lock */ = {
			isa = PBXShellScriptBuildPhase;
			buildActionMask = 2147483647;
			files = (
			);
			inputFileListPaths = (
			);
			inputPaths = (
				"${PODS_PODFILE_DIR_PATH}/Podfile.lock",
				"${PODS_ROOT}/Manifest.lock",
			);
			name = "[CP] Check Pods Manifest.lock";
			outputFileListPaths = (
			);
			outputPaths = (
				"$(DERIVED_FILE_DIR)/Pods-CountDoneTests-checkManifestLockResult.txt",
			);
			runOnlyForDeploymentPostprocessing = 0;
			shellPath = /bin/sh;
			shellScript = "diff \"${PODS_PODFILE_DIR_PATH}/Podfile.lock\" \"${PODS_ROOT}/Manifest.lock\" > /dev/null\nif [ $? != 0 ] ; then\n    # print error to STDERR\n    echo \"error: The sandbox is not in sync with the Podfile.lock. Run 'pod install' or update your CocoaPods installation.\" >&2\n    exit 1\nfi\n# This output is used by Xcode 'outputs' to avoid re-running this script phase.\necho \"SUCCESS\" > \"${SCRIPT_OUTPUT_FILE_0}\"\n";
			showEnvVarsInLog = 0;
		};
		3F198E031D7EA996D153939E /* [CP] Embed Pods Frameworks */ = {
			isa = PBXShellScriptBuildPhase;
			buildActionMask = 2147483647;
			files = (
			);
			inputFileListPaths = (
				"${PODS_ROOT}/Target Support Files/Pods-CountDone/Pods-CountDone-frameworks-${CONFIGURATION}-input-files.xcfilelist",
			);
			name = "[CP] Embed Pods Frameworks";
			outputFileListPaths = (
				"${PODS_ROOT}/Target Support Files/Pods-CountDone/Pods-CountDone-frameworks-${CONFIGURATION}-output-files.xcfilelist",
			);
			runOnlyForDeploymentPostprocessing = 0;
			shellPath = /bin/sh;
			shellScript = "\"${PODS_ROOT}/Target Support Files/Pods-CountDone/Pods-CountDone-frameworks.sh\"\n";
			showEnvVarsInLog = 0;
		};
		7181CF3EBF497178215AE24F /* [CP] Check Pods Manifest.lock */ = {
			isa = PBXShellScriptBuildPhase;
			buildActionMask = 2147483647;
			files = (
			);
			inputFileListPaths = (
			);
			inputPaths = (
				"${PODS_PODFILE_DIR_PATH}/Podfile.lock",
				"${PODS_ROOT}/Manifest.lock",
			);
			name = "[CP] Check Pods Manifest.lock";
			outputFileListPaths = (
			);
			outputPaths = (
				"$(DERIVED_FILE_DIR)/Pods-CountDone-CountDoneUITests-checkManifestLockResult.txt",
			);
			runOnlyForDeploymentPostprocessing = 0;
			shellPath = /bin/sh;
			shellScript = "diff \"${PODS_PODFILE_DIR_PATH}/Podfile.lock\" \"${PODS_ROOT}/Manifest.lock\" > /dev/null\nif [ $? != 0 ] ; then\n    # print error to STDERR\n    echo \"error: The sandbox is not in sync with the Podfile.lock. Run 'pod install' or update your CocoaPods installation.\" >&2\n    exit 1\nfi\n# This output is used by Xcode 'outputs' to avoid re-running this script phase.\necho \"SUCCESS\" > \"${SCRIPT_OUTPUT_FILE_0}\"\n";
			showEnvVarsInLog = 0;
		};
		9B96DD6FDB4014C940823090 /* [CP] Embed Pods Frameworks */ = {
			isa = PBXShellScriptBuildPhase;
			buildActionMask = 2147483647;
			files = (
			);
			inputFileListPaths = (
				"${PODS_ROOT}/Target Support Files/Pods-CountDone-CountDoneUITests/Pods-CountDone-CountDoneUITests-frameworks-${CONFIGURATION}-input-files.xcfilelist",
			);
			name = "[CP] Embed Pods Frameworks";
			outputFileListPaths = (
				"${PODS_ROOT}/Target Support Files/Pods-CountDone-CountDoneUITests/Pods-CountDone-CountDoneUITests-frameworks-${CONFIGURATION}-output-files.xcfilelist",
			);
			runOnlyForDeploymentPostprocessing = 0;
			shellPath = /bin/sh;
			shellScript = "\"${PODS_ROOT}/Target Support Files/Pods-CountDone-CountDoneUITests/Pods-CountDone-CountDoneUITests-frameworks.sh\"\n";
			showEnvVarsInLog = 0;
		};
		C1081B7DE446CF1CE2ED5AB3 /* [CP] Check Pods Manifest.lock */ = {
			isa = PBXShellScriptBuildPhase;
			buildActionMask = 2147483647;
			files = (
			);
			inputFileListPaths = (
			);
			inputPaths = (
				"${PODS_PODFILE_DIR_PATH}/Podfile.lock",
				"${PODS_ROOT}/Manifest.lock",
			);
			name = "[CP] Check Pods Manifest.lock";
			outputFileListPaths = (
			);
			outputPaths = (
				"$(DERIVED_FILE_DIR)/Pods-CountDone-checkManifestLockResult.txt",
			);
			runOnlyForDeploymentPostprocessing = 0;
			shellPath = /bin/sh;
			shellScript = "diff \"${PODS_PODFILE_DIR_PATH}/Podfile.lock\" \"${PODS_ROOT}/Manifest.lock\" > /dev/null\nif [ $? != 0 ] ; then\n    # print error to STDERR\n    echo \"error: The sandbox is not in sync with the Podfile.lock. Run 'pod install' or update your CocoaPods installation.\" >&2\n    exit 1\nfi\n# This output is used by Xcode 'outputs' to avoid re-running this script phase.\necho \"SUCCESS\" > \"${SCRIPT_OUTPUT_FILE_0}\"\n";
			showEnvVarsInLog = 0;
		};
/* End PBXShellScriptBuildPhase section */

/* Begin PBXSourcesBuildPhase section */
		A09786E424DC16C2002AB009 /* Sources */ = {
			isa = PBXSourcesBuildPhase;
			buildActionMask = 2147483647;
			files = (
				3D000F572531DC1100AF620D /* EventManager.swift in Sources */,
				3DA2999024F1703200F24FF7 /* CalenderCoordinator.swift in Sources */,
				3DA2998C24F0D72A00F24FF7 /* SearchViewController.swift in Sources */,
				A0D0C4CB25314CAA00CDB67A /* TagViewCell.swift in Sources */,
				A04FE8C4250B8B4300A5836F /* Task+CoreDataClass.swift in Sources */,
				3D78DC9224F03F7B000060FA /* TabBarController.swift in Sources */,
				A0D0C4D12531A62000CDB67A /* Tag.swift in Sources */,
				3D78DC8324F014C1000060FA /* Coordinator.swift in Sources */,
				A04FE8B5250B871C00A5836F /* CoreDataStack.swift in Sources */,
				3D78DC8C24F03B7C000060FA /* StartCoordinator.swift in Sources */,
				3DA2999224F1718400F24FF7 /* CalenderViewController.swift in Sources */,
				A04FE8C3250B8B4300A5836F /* Time+CoreDataProperties.swift in Sources */,
				3DEA45512525D46100F949EB /* UserAccount+CoreDataClass.swift in Sources */,
				A0D0C4C9253093E000CDB67A /* TagViewController.swift in Sources */,
				A09786EE24DC16C2002AB009 /* EventViewController.swift in Sources */,
				3D78DC8E24F03EA3000060FA /* LoginViewController.swift in Sources */,
				3D000F562531DC1100AF620D /* Services.swift in Sources */,
				3D78DC9024F03EE9000060FA /* TabBarCoordinator.swift in Sources */,
				3D000F582531DC1100AF620D /* NetworkUtil.swift in Sources */,
				3DEA45522525D46100F949EB /* UserAccount+CoreDataProperties.swift in Sources */,
				A033049F252778F300ED53A8 /* TaskViewModel.swift in Sources */,
				012EB85B24F3B67E0008F76C /* TaskTableViewCell.swift in Sources */,
				A0D0C4CF25317DE700CDB67A /* LoginViewModel.swift in Sources */,
				A0D0C4CD25316D2700CDB67A /* TagViewModel.swift in Sources */,
				A094507F250133CF00CD77E0 /* CreateTaskTableViewController.swift in Sources */,
				A04FE8C2250B8B4300A5836F /* Time+CoreDataClass.swift in Sources */,
				3D500FAC2531F0440039B5E3 /* CreateTaskViewModel.swift in Sources */,
				A09786F424DC16C2002AB009 /* CountDone.xcdatamodeld in Sources */,
				A09786EC24DC16C2002AB009 /* AppDelegate.swift in Sources */,
				3D78DC9424F042D7000060FA /* EventsCoordinator.swift in Sources */,
				3DA2998E24F0D77300F24FF7 /* SearchCoordinator.swift in Sources */,
				A04FE8C5250B8B4300A5836F /* Task+CoreDataProperties.swift in Sources */,
				3D78DC8724F0170A000060FA /* AppCoordinator.swift in Sources */,
				A07A0D6124FFEA5000B118A4 /* DetailsTableViewController.swift in Sources */,
				3D78DC8524F0155A000060FA /* Storyboarded.swift in Sources */,
			);
			runOnlyForDeploymentPostprocessing = 0;
		};
		A09786FB24DC16C4002AB009 /* Sources */ = {
			isa = PBXSourcesBuildPhase;
			buildActionMask = 2147483647;
			files = (
				A097870424DC16C4002AB009 /* CountDoneTests.swift in Sources */,
			);
			runOnlyForDeploymentPostprocessing = 0;
		};
		A097870624DC16C4002AB009 /* Sources */ = {
			isa = PBXSourcesBuildPhase;
			buildActionMask = 2147483647;
			files = (
				A097870F24DC16C4002AB009 /* CountDoneUITests.swift in Sources */,
			);
			runOnlyForDeploymentPostprocessing = 0;
		};
/* End PBXSourcesBuildPhase section */

/* Begin PBXTargetDependency section */
		A097870124DC16C4002AB009 /* PBXTargetDependency */ = {
			isa = PBXTargetDependency;
			target = A09786E724DC16C2002AB009 /* CountDone */;
			targetProxy = A097870024DC16C4002AB009 /* PBXContainerItemProxy */;
		};
		A097870C24DC16C4002AB009 /* PBXTargetDependency */ = {
			isa = PBXTargetDependency;
			target = A09786E724DC16C2002AB009 /* CountDone */;
			targetProxy = A097870B24DC16C4002AB009 /* PBXContainerItemProxy */;
		};
/* End PBXTargetDependency section */

/* Begin PBXVariantGroup section */
		A09786EF24DC16C2002AB009 /* Main.storyboard */ = {
			isa = PBXVariantGroup;
			children = (
				A09786F024DC16C2002AB009 /* Base */,
			);
			name = Main.storyboard;
			sourceTree = "<group>";
		};
/* End PBXVariantGroup section */

/* Begin XCBuildConfiguration section */
		A097871124DC16C4002AB009 /* Debug */ = {
			isa = XCBuildConfiguration;
			buildSettings = {
				ALWAYS_SEARCH_USER_PATHS = NO;
				CLANG_ANALYZER_NONNULL = YES;
				CLANG_ANALYZER_NUMBER_OBJECT_CONVERSION = YES_AGGRESSIVE;
				CLANG_CXX_LANGUAGE_STANDARD = "gnu++14";
				CLANG_CXX_LIBRARY = "libc++";
				CLANG_ENABLE_MODULES = YES;
				CLANG_ENABLE_OBJC_ARC = YES;
				CLANG_ENABLE_OBJC_WEAK = YES;
				CLANG_WARN_BLOCK_CAPTURE_AUTORELEASING = YES;
				CLANG_WARN_BOOL_CONVERSION = YES;
				CLANG_WARN_COMMA = YES;
				CLANG_WARN_CONSTANT_CONVERSION = YES;
				CLANG_WARN_DEPRECATED_OBJC_IMPLEMENTATIONS = YES;
				CLANG_WARN_DIRECT_OBJC_ISA_USAGE = YES_ERROR;
				CLANG_WARN_DOCUMENTATION_COMMENTS = YES;
				CLANG_WARN_EMPTY_BODY = YES;
				CLANG_WARN_ENUM_CONVERSION = YES;
				CLANG_WARN_INFINITE_RECURSION = YES;
				CLANG_WARN_INT_CONVERSION = YES;
				CLANG_WARN_NON_LITERAL_NULL_CONVERSION = YES;
				CLANG_WARN_OBJC_IMPLICIT_RETAIN_SELF = YES;
				CLANG_WARN_OBJC_LITERAL_CONVERSION = YES;
				CLANG_WARN_OBJC_ROOT_CLASS = YES_ERROR;
				CLANG_WARN_RANGE_LOOP_ANALYSIS = YES;
				CLANG_WARN_STRICT_PROTOTYPES = YES;
				CLANG_WARN_SUSPICIOUS_MOVE = YES;
				CLANG_WARN_UNGUARDED_AVAILABILITY = YES_AGGRESSIVE;
				CLANG_WARN_UNREACHABLE_CODE = YES;
				CLANG_WARN__DUPLICATE_METHOD_MATCH = YES;
				CODE_SIGN_IDENTITY = "iPhone Developer";
				COPY_PHASE_STRIP = NO;
				DEBUG_INFORMATION_FORMAT = dwarf;
				ENABLE_STRICT_OBJC_MSGSEND = YES;
				ENABLE_TESTABILITY = YES;
				GCC_C_LANGUAGE_STANDARD = gnu11;
				GCC_DYNAMIC_NO_PIC = NO;
				GCC_NO_COMMON_BLOCKS = YES;
				GCC_OPTIMIZATION_LEVEL = 0;
				GCC_PREPROCESSOR_DEFINITIONS = (
					"DEBUG=1",
					"$(inherited)",
				);
				GCC_WARN_64_TO_32_BIT_CONVERSION = YES;
				GCC_WARN_ABOUT_RETURN_TYPE = YES_ERROR;
				GCC_WARN_UNDECLARED_SELECTOR = YES;
				GCC_WARN_UNINITIALIZED_AUTOS = YES_AGGRESSIVE;
				GCC_WARN_UNUSED_FUNCTION = YES;
				GCC_WARN_UNUSED_VARIABLE = YES;
				IPHONEOS_DEPLOYMENT_TARGET = 12.4;
				MTL_ENABLE_DEBUG_INFO = INCLUDE_SOURCE;
				MTL_FAST_MATH = YES;
				ONLY_ACTIVE_ARCH = YES;
				SDKROOT = iphoneos;
				SWIFT_ACTIVE_COMPILATION_CONDITIONS = DEBUG;
				SWIFT_OPTIMIZATION_LEVEL = "-Onone";
			};
			name = Debug;
		};
		A097871224DC16C4002AB009 /* Release */ = {
			isa = XCBuildConfiguration;
			buildSettings = {
				ALWAYS_SEARCH_USER_PATHS = NO;
				CLANG_ANALYZER_NONNULL = YES;
				CLANG_ANALYZER_NUMBER_OBJECT_CONVERSION = YES_AGGRESSIVE;
				CLANG_CXX_LANGUAGE_STANDARD = "gnu++14";
				CLANG_CXX_LIBRARY = "libc++";
				CLANG_ENABLE_MODULES = YES;
				CLANG_ENABLE_OBJC_ARC = YES;
				CLANG_ENABLE_OBJC_WEAK = YES;
				CLANG_WARN_BLOCK_CAPTURE_AUTORELEASING = YES;
				CLANG_WARN_BOOL_CONVERSION = YES;
				CLANG_WARN_COMMA = YES;
				CLANG_WARN_CONSTANT_CONVERSION = YES;
				CLANG_WARN_DEPRECATED_OBJC_IMPLEMENTATIONS = YES;
				CLANG_WARN_DIRECT_OBJC_ISA_USAGE = YES_ERROR;
				CLANG_WARN_DOCUMENTATION_COMMENTS = YES;
				CLANG_WARN_EMPTY_BODY = YES;
				CLANG_WARN_ENUM_CONVERSION = YES;
				CLANG_WARN_INFINITE_RECURSION = YES;
				CLANG_WARN_INT_CONVERSION = YES;
				CLANG_WARN_NON_LITERAL_NULL_CONVERSION = YES;
				CLANG_WARN_OBJC_IMPLICIT_RETAIN_SELF = YES;
				CLANG_WARN_OBJC_LITERAL_CONVERSION = YES;
				CLANG_WARN_OBJC_ROOT_CLASS = YES_ERROR;
				CLANG_WARN_RANGE_LOOP_ANALYSIS = YES;
				CLANG_WARN_STRICT_PROTOTYPES = YES;
				CLANG_WARN_SUSPICIOUS_MOVE = YES;
				CLANG_WARN_UNGUARDED_AVAILABILITY = YES_AGGRESSIVE;
				CLANG_WARN_UNREACHABLE_CODE = YES;
				CLANG_WARN__DUPLICATE_METHOD_MATCH = YES;
				CODE_SIGN_IDENTITY = "iPhone Developer";
				COPY_PHASE_STRIP = NO;
				DEBUG_INFORMATION_FORMAT = "dwarf-with-dsym";
				ENABLE_NS_ASSERTIONS = NO;
				ENABLE_STRICT_OBJC_MSGSEND = YES;
				GCC_C_LANGUAGE_STANDARD = gnu11;
				GCC_NO_COMMON_BLOCKS = YES;
				GCC_WARN_64_TO_32_BIT_CONVERSION = YES;
				GCC_WARN_ABOUT_RETURN_TYPE = YES_ERROR;
				GCC_WARN_UNDECLARED_SELECTOR = YES;
				GCC_WARN_UNINITIALIZED_AUTOS = YES_AGGRESSIVE;
				GCC_WARN_UNUSED_FUNCTION = YES;
				GCC_WARN_UNUSED_VARIABLE = YES;
				IPHONEOS_DEPLOYMENT_TARGET = 12.4;
				MTL_ENABLE_DEBUG_INFO = NO;
				MTL_FAST_MATH = YES;
				SDKROOT = iphoneos;
				SWIFT_COMPILATION_MODE = wholemodule;
				SWIFT_OPTIMIZATION_LEVEL = "-O";
				VALIDATE_PRODUCT = YES;
			};
			name = Release;
		};
		A097871424DC16C4002AB009 /* Debug */ = {
			isa = XCBuildConfiguration;
			baseConfigurationReference = 34C4738AF250F64543053FFC /* Pods-CountDone.debug.xcconfig */;
			buildSettings = {
				ASSETCATALOG_COMPILER_APPICON_NAME = AppIcon;
				CODE_SIGN_STYLE = Automatic;
				DEVELOPMENT_TEAM = "";
				INFOPLIST_FILE = CountDone/Info.plist;
				IPHONEOS_DEPLOYMENT_TARGET = 12.2;
				LD_RUNPATH_SEARCH_PATHS = (
					"$(inherited)",
					"@executable_path/Frameworks",
				);
				PRODUCT_BUNDLE_IDENTIFIER = com.G33.CountDone;
				PRODUCT_NAME = "$(TARGET_NAME)";
				SWIFT_VERSION = 4.2;
				TARGETED_DEVICE_FAMILY = "1,2";
			};
			name = Debug;
		};
		A097871524DC16C4002AB009 /* Release */ = {
			isa = XCBuildConfiguration;
			baseConfigurationReference = A9FF17D8073316FFB7DB5A4B /* Pods-CountDone.release.xcconfig */;
			buildSettings = {
				ASSETCATALOG_COMPILER_APPICON_NAME = AppIcon;
				CODE_SIGN_STYLE = Automatic;
				DEVELOPMENT_TEAM = "";
				INFOPLIST_FILE = CountDone/Info.plist;
				IPHONEOS_DEPLOYMENT_TARGET = 12.2;
				LD_RUNPATH_SEARCH_PATHS = (
					"$(inherited)",
					"@executable_path/Frameworks",
				);
				PRODUCT_BUNDLE_IDENTIFIER = com.G33.CountDone;
				PRODUCT_NAME = "$(TARGET_NAME)";
				SWIFT_VERSION = 4.2;
				TARGETED_DEVICE_FAMILY = "1,2";
			};
			name = Release;
		};
		A097871724DC16C4002AB009 /* Debug */ = {
			isa = XCBuildConfiguration;
			baseConfigurationReference = B347B854577C06A6BE82972A /* Pods-CountDoneTests.debug.xcconfig */;
			buildSettings = {
				ALWAYS_EMBED_SWIFT_STANDARD_LIBRARIES = YES;
				BUNDLE_LOADER = "$(TEST_HOST)";
				CODE_SIGN_STYLE = Automatic;
				INFOPLIST_FILE = CountDoneTests/Info.plist;
				LD_RUNPATH_SEARCH_PATHS = (
					"$(inherited)",
					"@executable_path/Frameworks",
					"@loader_path/Frameworks",
				);
				PRODUCT_BUNDLE_IDENTIFIER = com.G33.CountDoneTests;
				PRODUCT_NAME = "$(TARGET_NAME)";
				SWIFT_VERSION = 5.0;
				TARGETED_DEVICE_FAMILY = "1,2";
				TEST_HOST = "$(BUILT_PRODUCTS_DIR)/CountDone.app/CountDone";
			};
			name = Debug;
		};
		A097871824DC16C4002AB009 /* Release */ = {
			isa = XCBuildConfiguration;
			baseConfigurationReference = 564AF1387303A8452450ABBB /* Pods-CountDoneTests.release.xcconfig */;
			buildSettings = {
				ALWAYS_EMBED_SWIFT_STANDARD_LIBRARIES = YES;
				BUNDLE_LOADER = "$(TEST_HOST)";
				CODE_SIGN_STYLE = Automatic;
				INFOPLIST_FILE = CountDoneTests/Info.plist;
				LD_RUNPATH_SEARCH_PATHS = (
					"$(inherited)",
					"@executable_path/Frameworks",
					"@loader_path/Frameworks",
				);
				PRODUCT_BUNDLE_IDENTIFIER = com.G33.CountDoneTests;
				PRODUCT_NAME = "$(TARGET_NAME)";
				SWIFT_VERSION = 5.0;
				TARGETED_DEVICE_FAMILY = "1,2";
				TEST_HOST = "$(BUILT_PRODUCTS_DIR)/CountDone.app/CountDone";
			};
			name = Release;
		};
		A097871A24DC16C4002AB009 /* Debug */ = {
			isa = XCBuildConfiguration;
			baseConfigurationReference = 1EABB099C97EA70050430964 /* Pods-CountDone-CountDoneUITests.debug.xcconfig */;
			buildSettings = {
				ALWAYS_EMBED_SWIFT_STANDARD_LIBRARIES = YES;
				CODE_SIGN_STYLE = Automatic;
				INFOPLIST_FILE = CountDoneUITests/Info.plist;
				LD_RUNPATH_SEARCH_PATHS = (
					"$(inherited)",
					"@executable_path/Frameworks",
					"@loader_path/Frameworks",
				);
				PRODUCT_BUNDLE_IDENTIFIER = com.G33.CountDoneUITests;
				PRODUCT_NAME = "$(TARGET_NAME)";
				SWIFT_VERSION = 5.0;
				TARGETED_DEVICE_FAMILY = "1,2";
				TEST_TARGET_NAME = CountDone;
			};
			name = Debug;
		};
		A097871B24DC16C4002AB009 /* Release */ = {
			isa = XCBuildConfiguration;
			baseConfigurationReference = CC1972635DC595E9F4B1D819 /* Pods-CountDone-CountDoneUITests.release.xcconfig */;
			buildSettings = {
				ALWAYS_EMBED_SWIFT_STANDARD_LIBRARIES = YES;
				CODE_SIGN_STYLE = Automatic;
				INFOPLIST_FILE = CountDoneUITests/Info.plist;
				LD_RUNPATH_SEARCH_PATHS = (
					"$(inherited)",
					"@executable_path/Frameworks",
					"@loader_path/Frameworks",
				);
				PRODUCT_BUNDLE_IDENTIFIER = com.G33.CountDoneUITests;
				PRODUCT_NAME = "$(TARGET_NAME)";
				SWIFT_VERSION = 5.0;
				TARGETED_DEVICE_FAMILY = "1,2";
				TEST_TARGET_NAME = CountDone;
			};
			name = Release;
		};
/* End XCBuildConfiguration section */

/* Begin XCConfigurationList section */
		A09786E324DC16C2002AB009 /* Build configuration list for PBXProject "CountDone" */ = {
			isa = XCConfigurationList;
			buildConfigurations = (
				A097871124DC16C4002AB009 /* Debug */,
				A097871224DC16C4002AB009 /* Release */,
			);
			defaultConfigurationIsVisible = 0;
			defaultConfigurationName = Release;
		};
		A097871324DC16C4002AB009 /* Build configuration list for PBXNativeTarget "CountDone" */ = {
			isa = XCConfigurationList;
			buildConfigurations = (
				A097871424DC16C4002AB009 /* Debug */,
				A097871524DC16C4002AB009 /* Release */,
			);
			defaultConfigurationIsVisible = 0;
			defaultConfigurationName = Release;
		};
		A097871624DC16C4002AB009 /* Build configuration list for PBXNativeTarget "CountDoneTests" */ = {
			isa = XCConfigurationList;
			buildConfigurations = (
				A097871724DC16C4002AB009 /* Debug */,
				A097871824DC16C4002AB009 /* Release */,
			);
			defaultConfigurationIsVisible = 0;
			defaultConfigurationName = Release;
		};
		A097871924DC16C4002AB009 /* Build configuration list for PBXNativeTarget "CountDoneUITests" */ = {
			isa = XCConfigurationList;
			buildConfigurations = (
				A097871A24DC16C4002AB009 /* Debug */,
				A097871B24DC16C4002AB009 /* Release */,
			);
			defaultConfigurationIsVisible = 0;
			defaultConfigurationName = Release;
		};
/* End XCConfigurationList section */

/* Begin XCVersionGroup section */
		A09786F224DC16C2002AB009 /* CountDone.xcdatamodeld */ = {
			isa = XCVersionGroup;
			children = (
				A09786F324DC16C2002AB009 /* CountDone.xcdatamodel */,
			);
			currentVersion = A09786F324DC16C2002AB009 /* CountDone.xcdatamodel */;
			path = CountDone.xcdatamodeld;
			sourceTree = "<group>";
			versionGroupType = wrapper.xcdatamodel;
		};
/* End XCVersionGroup section */
	};
	rootObject = A09786E024DC16C2002AB009 /* Project object */;
}
